
Microsoft Visual Studio Solution File, Format Version 12.00
# Visual Studio Version 16
VisualStudioVersion = 16.0.31702.278
MinimumVisualStudioVersion = 10.0.40219.1
Project("{FAE04EC0-301F-11D3-BF4B-00C04F79EFBC}") = "Terec_Ioan_Lab2", "Terec_Ioan_Lab2.csproj", "{82997326-6BBA-4B26-A531-652E391AEBCE}"
EndProject
Global
	GlobalSection(SolutionConfigurationPlatforms) = preSolution
		Debug|Any CPU = Debug|Any CPU
		Release|Any CPU = Release|Any CPU
	EndGlobalSection
	GlobalSection(ProjectConfigurationPlatforms) = postSolution
		{82997326-6BBA-4B26-A531-652E391AEBCE}.Debug|Any CPU.ActiveCfg = Debug|Any CPU
		{82997326-6BBA-4B26-A531-652E391AEBCE}.Debug|Any CPU.Build.0 = Debug|Any CPU
		{82997326-6BBA-4B26-A531-652E391AEBCE}.Release|Any CPU.ActiveCfg = Release|Any CPU
		{82997326-6BBA-4B26-A531-652E391AEBCE}.Release|Any CPU.Build.0 = Release|Any CPU
	EndGlobalSection
	GlobalSection(SolutionProperties) = preSolution
		HideSolutionNode = FALSE
	EndGlobalSection
	GlobalSection(ExtensibilityGlobals) = postSolution
		SolutionGuid = {C5C4A74A-5B93-4D32-9613-B93B6D239654}
	EndGlobalSection
EndGlobal
